
Microsoft Visual Studio Solution File, Format Version 12.00
# Visual Studio Version 17
VisualStudioVersion = 17.0.32126.317
MinimumVisualStudioVersion = 10.0.40219.1
Project("{FAE04EC0-301F-11D3-BF4B-00C04F79EFBC}") = "WpfRoutedEvent_2", "WpfRoutedEvent_2\WpfRoutedEvent_2.csproj", "{A366C22D-C564-41A4-B455-0FECEE586C83}"
EndProject
Global
	GlobalSection(SolutionConfigurationPlatforms) = preSolution
		Debug|Any CPU = Debug|Any CPU
		Release|Any CPU = Release|Any CPU
	EndGlobalSection
	GlobalSection(ProjectConfigurationPlatforms) = postSolution
		{A366C22D-C564-41A4-B455-0FECEE586C83}.Debug|Any CPU.ActiveCfg = Debug|Any CPU
		{A366C22D-C564-41A4-B455-0FECEE586C83}.Debug|Any CPU.Build.0 = Debug|Any CPU
		{A366C22D-C564-41A4-B455-0FECEE586C83}.Release|Any CPU.ActiveCfg = Release|Any CPU
		{A366C22D-C564-41A4-B455-0FECEE586C83}.Release|Any CPU.Build.0 = Release|Any CPU
	EndGlobalSection
	GlobalSection(SolutionProperties) = preSolution
		HideSolutionNode = FALSE
	EndGlobalSection
	GlobalSection(ExtensibilityGlobals) = postSolution
		SolutionGuid = {A66144A3-DC3A-4671-BF16-F42466D790D4}
	EndGlobalSection
EndGlobal
