
Microsoft Visual Studio Solution File, Format Version 12.00
# Visual Studio Version 17
VisualStudioVersion = 17.0.32126.317
MinimumVisualStudioVersion = 10.0.40219.1
Project("{FAE04EC0-301F-11D3-BF4B-00C04F79EFBC}") = "UserForms", "UserForms\UserForms.csproj", "{10542562-8F3A-4E33-A6BA-852A526194E6}"
EndProject
Global
	GlobalSection(SolutionConfigurationPlatforms) = preSolution
		Debug|Any CPU = Debug|Any CPU
		Release|Any CPU = Release|Any CPU
	EndGlobalSection
	GlobalSection(ProjectConfigurationPlatforms) = postSolution
		{10542562-8F3A-4E33-A6BA-852A526194E6}.Debug|Any CPU.ActiveCfg = Debug|Any CPU
		{10542562-8F3A-4E33-A6BA-852A526194E6}.Debug|Any CPU.Build.0 = Debug|Any CPU
		{10542562-8F3A-4E33-A6BA-852A526194E6}.Release|Any CPU.ActiveCfg = Release|Any CPU
		{10542562-8F3A-4E33-A6BA-852A526194E6}.Release|Any CPU.Build.0 = Release|Any CPU
	EndGlobalSection
	GlobalSection(SolutionProperties) = preSolution
		HideSolutionNode = FALSE
	EndGlobalSection
	GlobalSection(ExtensibilityGlobals) = postSolution
		SolutionGuid = {F2C97740-B01E-44C5-A2A8-37E14D13259C}
	EndGlobalSection
EndGlobal
