
Microsoft Visual Studio Solution File, Format Version 12.00
# Visual Studio Version 17
VisualStudioVersion = 17.0.32126.317
MinimumVisualStudioVersion = 10.0.40219.1
Project("{FAE04EC0-301F-11D3-BF4B-00C04F79EFBC}") = "и WpfRoutedEvent_2", "и WpfRoutedEvent_2\и WpfRoutedEvent_2.csproj", "{BE5ECAD7-0978-486F-BD3B-9AC007A18C4E}"
EndProject
Global
	GlobalSection(SolutionConfigurationPlatforms) = preSolution
		Debug|Any CPU = Debug|Any CPU
		Release|Any CPU = Release|Any CPU
	EndGlobalSection
	GlobalSection(ProjectConfigurationPlatforms) = postSolution
		{BE5ECAD7-0978-486F-BD3B-9AC007A18C4E}.Debug|Any CPU.ActiveCfg = Debug|Any CPU
		{BE5ECAD7-0978-486F-BD3B-9AC007A18C4E}.Debug|Any CPU.Build.0 = Debug|Any CPU
		{BE5ECAD7-0978-486F-BD3B-9AC007A18C4E}.Release|Any CPU.ActiveCfg = Release|Any CPU
		{BE5ECAD7-0978-486F-BD3B-9AC007A18C4E}.Release|Any CPU.Build.0 = Release|Any CPU
	EndGlobalSection
	GlobalSection(SolutionProperties) = preSolution
		HideSolutionNode = FALSE
	EndGlobalSection
	GlobalSection(ExtensibilityGlobals) = postSolution
		SolutionGuid = {C231CDBB-DB4D-49C9-A9AD-41B2C7B56C4B}
	EndGlobalSection
EndGlobal
